
Microsoft Visual Studio Solution File, Format Version 12.00
# Visual Studio Version 17
VisualStudioVersion = 17.5.33516.290
MinimumVisualStudioVersion = 10.0.40219.1
Project("{8BC9CEB8-8B4A-11D0-8D11-00A0C91BC942}") = "Lab 10", "Lab 10.vcxproj", "{DB15D181-8D9C-4B43-81E0-485AAEFF164F}"
EndProject
Global
	GlobalSection(SolutionConfigurationPlatforms) = preSolution
		Debug|x64 = Debug|x64
		Release|x64 = Release|x64
	EndGlobalSection
	GlobalSection(ProjectConfigurationPlatforms) = postSolution
		{DB15D181-8D9C-4B43-81E0-485AAEFF164F}.Debug|x64.ActiveCfg = Debug|x64
		{DB15D181-8D9C-4B43-81E0-485AAEFF164F}.Debug|x64.Build.0 = Debug|x64
		{DB15D181-8D9C-4B43-81E0-485AAEFF164F}.Release|x64.ActiveCfg = Release|x64
		{DB15D181-8D9C-4B43-81E0-485AAEFF164F}.Release|x64.Build.0 = Release|x64
	EndGlobalSection
	GlobalSection(SolutionProperties) = preSolution
		HideSolutionNode = FALSE
	EndGlobalSection
	GlobalSection(ExtensibilityGlobals) = postSolution
		SolutionGuid = {30DF88A4-396C-47FC-8B25-7AC33B2FBC94}
	EndGlobalSection
EndGlobal
